
Microsoft Visual Studio Solution File, Format Version 12.00
# Visual Studio Version 17
VisualStudioVersion = 17.1.32421.90
MinimumVisualStudioVersion = 10.0.40219.1
Project("{FAE04EC0-301F-11D3-BF4B-00C04F79EFBC}") = "ConsoleLogin", "ConsoleLogin.csproj", "{4BE21EDB-E1F4-4D81-BE91-67B2EF1BC65B}"
EndProject
Global
	GlobalSection(SolutionConfigurationPlatforms) = preSolution
		Debug|Any CPU = Debug|Any CPU
		Release|Any CPU = Release|Any CPU
	EndGlobalSection
	GlobalSection(ProjectConfigurationPlatforms) = postSolution
		{4BE21EDB-E1F4-4D81-BE91-67B2EF1BC65B}.Debug|Any CPU.ActiveCfg = Debug|Any CPU
		{4BE21EDB-E1F4-4D81-BE91-67B2EF1BC65B}.Debug|Any CPU.Build.0 = Debug|Any CPU
		{4BE21EDB-E1F4-4D81-BE91-67B2EF1BC65B}.Release|Any CPU.ActiveCfg = Release|Any CPU
		{4BE21EDB-E1F4-4D81-BE91-67B2EF1BC65B}.Release|Any CPU.Build.0 = Release|Any CPU
	EndGlobalSection
	GlobalSection(SolutionProperties) = preSolution
		HideSolutionNode = FALSE
	EndGlobalSection
	GlobalSection(ExtensibilityGlobals) = postSolution
		SolutionGuid = {D08E4146-6B9E-43DA-A914-B28474201FDF}
	EndGlobalSection
EndGlobal
